
Microsoft Visual Studio Solution File, Format Version 12.00
# Visual Studio Version 16
VisualStudioVersion = 16.0.31205.134
MinimumVisualStudioVersion = 10.0.40219.1
Project("{D2ABAB84-BF74-430A-B69E-9DC6D40DDA17}") = "b171200016MultiDimension", "b171200016MultiDimension.dwproj", "{55CD828C-F291-44EE-9FFF-9FA49A0638D4}"
EndProject
Global
	GlobalSection(SolutionConfigurationPlatforms) = preSolution
		Development|Default = Development|Default
	EndGlobalSection
	GlobalSection(ProjectConfigurationPlatforms) = postSolution
		{55CD828C-F291-44EE-9FFF-9FA49A0638D4}.Development|Default.ActiveCfg = Development
		{55CD828C-F291-44EE-9FFF-9FA49A0638D4}.Development|Default.Build.0 = Development
		{55CD828C-F291-44EE-9FFF-9FA49A0638D4}.Development|Default.Deploy.0 = Development
	EndGlobalSection
	GlobalSection(SolutionProperties) = preSolution
		HideSolutionNode = FALSE
	EndGlobalSection
	GlobalSection(ExtensibilityGlobals) = postSolution
		SolutionGuid = {377B5B16-FC82-4369-AB04-C963D694F604}
	EndGlobalSection
EndGlobal
